
Microsoft Visual Studio Solution File, Format Version 12.00
# Visual Studio Version 16
VisualStudioVersion = 16.0.31313.79
MinimumVisualStudioVersion = 10.0.40219.1
Project("{FAE04EC0-301F-11D3-BF4B-00C04F79EFBC}") = "Web.API", "Web.API\Web.API.csproj", "{CE4C4A86-9800-4001-A88B-62167E31090D}"
EndProject
Project("{FAE04EC0-301F-11D3-BF4B-00C04F79EFBC}") = "Web.BL", "Web.BL\Web.BL.csproj", "{FC115F4B-B286-4B40-9F9A-FF662957093B}"
EndProject
Global
	GlobalSection(SolutionConfigurationPlatforms) = preSolution
		Debug|Any CPU = Debug|Any CPU
		Release|Any CPU = Release|Any CPU
	EndGlobalSection
	GlobalSection(ProjectConfigurationPlatforms) = postSolution
		{CE4C4A86-9800-4001-A88B-62167E31090D}.Debug|Any CPU.ActiveCfg = Debug|Any CPU
		{CE4C4A86-9800-4001-A88B-62167E31090D}.Debug|Any CPU.Build.0 = Debug|Any CPU
		{CE4C4A86-9800-4001-A88B-62167E31090D}.Release|Any CPU.ActiveCfg = Release|Any CPU
		{CE4C4A86-9800-4001-A88B-62167E31090D}.Release|Any CPU.Build.0 = Release|Any CPU
		{FC115F4B-B286-4B40-9F9A-FF662957093B}.Debug|Any CPU.ActiveCfg = Debug|Any CPU
		{FC115F4B-B286-4B40-9F9A-FF662957093B}.Debug|Any CPU.Build.0 = Debug|Any CPU
		{FC115F4B-B286-4B40-9F9A-FF662957093B}.Release|Any CPU.ActiveCfg = Release|Any CPU
		{FC115F4B-B286-4B40-9F9A-FF662957093B}.Release|Any CPU.Build.0 = Release|Any CPU
	EndGlobalSection
	GlobalSection(SolutionProperties) = preSolution
		HideSolutionNode = FALSE
	EndGlobalSection
	GlobalSection(ExtensibilityGlobals) = postSolution
		SolutionGuid = {F4B6272E-4BED-48D8-BC76-DE1C2CB6CA97}
	EndGlobalSection
EndGlobal
